
Microsoft Visual Studio Solution File, Format Version 12.00
# Visual Studio Version 16
VisualStudioVersion = 16.0.32002.261
MinimumVisualStudioVersion = 10.0.40219.1
Project("{FAE04EC0-301F-11D3-BF4B-00C04F79EFBC}") = "postapi", "postapi.csproj", "{4629F6A4-0649-42C5-87B8-67BFAB45366E}"
EndProject
Global
	GlobalSection(SolutionConfigurationPlatforms) = preSolution
		Debug|Any CPU = Debug|Any CPU
		Release|Any CPU = Release|Any CPU
	EndGlobalSection
	GlobalSection(ProjectConfigurationPlatforms) = postSolution
		{4629F6A4-0649-42C5-87B8-67BFAB45366E}.Debug|Any CPU.ActiveCfg = Debug|Any CPU
		{4629F6A4-0649-42C5-87B8-67BFAB45366E}.Debug|Any CPU.Build.0 = Debug|Any CPU
		{4629F6A4-0649-42C5-87B8-67BFAB45366E}.Release|Any CPU.ActiveCfg = Release|Any CPU
		{4629F6A4-0649-42C5-87B8-67BFAB45366E}.Release|Any CPU.Build.0 = Release|Any CPU
	EndGlobalSection
	GlobalSection(SolutionProperties) = preSolution
		HideSolutionNode = FALSE
	EndGlobalSection
	GlobalSection(ExtensibilityGlobals) = postSolution
		SolutionGuid = {BAD82387-ADC7-488A-A4D0-AE2EEF94A030}
	EndGlobalSection
EndGlobal
